# THIS IS AN AUTOGENERATED FILE. DO NOT EDIT THIS FILE DIRECTLY.
# yarn lockfile v1


ip-range-check@^0.0.2:
  version "0.0.2"
  resolved "https://registry.yarnpkg.com/ip-range-check/-/ip-range-check-0.0.2.tgz#605c859687aa4f18463918d46190d8b3699a293c"
  dependencies:
    ipaddr.js "^1.0.1"

ipaddr.js@^1.0.1:
  version "1.5.0"
  resolved "https://registry.yarnpkg.com/ipaddr.js/-/ipaddr.js-1.5.0.tgz#48a04be500e66e6922a9e2aa3f54926eaeb96473"
